{
  "requires": true,
  "lockfileVersion": 1,
  "dependencies": {
    "@babel/helper-validator-identifier": {
      "version": "7.12.11",
      "resolved": "https://registry.npm.taobao.org/@babel/helper-validator-identifier/download/@babel/helper-validator-identifier-7.12.11.tgz",
      "integrity": "sha1-yaHwIZF9y1zPDU5FPjmQIpgfye0="
    },
    "@babel/parser": {
      "version": "7.12.15",
      "resolved": "https://registry.npm.taobao.org/@babel/parser/download/@babel/parser-7.12.15.tgz?cache=0&sync_timestamp=1612476558480&other_urls=https%3A%2F%2Fregistry.npm.taobao.org%2F%40babel%2Fparser%2Fdownload%2F%40babel%2Fparser-7.12.15.tgz",
      "integrity": "sha1-KyDefwtLMy2bEZ3ZwzQJxTi4qs8="
    },
    "@babel/types": {
      "version": "7.12.13",
      "resolved": "https://registry.npm.taobao.org/@babel/types/download/@babel/types-7.12.13.tgz?cache=0&sync_timestamp=1612314632753&other_urls=https%3A%2F%2Fregistry.npm.taobao.org%2F%40babel%2Ftypes%2Fdownload%2F%40babel%2Ftypes-7.12.13.tgz",
      "integrity": "sha1-i+GqjyyHbaEanPZQwOz2VpE61hE=",
      "requires": {
        "@babel/helper-validator-identifier": "^7.12.11",
        "lodash": "^4.17.19",
        "to-fast-properties": "^2.0.0"
      }
    },
    "@vue/compiler-core": {
      "version": "3.0.0",
      "resolved": "https://registry.npm.taobao.org/@vue/compiler-core/download/@vue/compiler-core-3.0.0.tgz",
      "integrity": "sha1-JeTwec9sOfg7rSNwD4FMYZEFoPI=",
      "requires": {
        "@babel/parser": "^7.11.5",
        "@babel/types": "^7.11.5",
        "@vue/shared": "3.0.0",
        "estree-walker": "^2.0.1",
        "source-map": "^0.6.1"
      }
    },
    "@vue/compiler-dom": {
      "version": "3.0.0",
      "resolved": "https://registry.npm.taobao.org/@vue/compiler-dom/download/@vue/compiler-dom-3.0.0.tgz",
      "integrity": "sha1-TLtI/PH4UtrvK6vPmVO2gaxGNSY=",
      "requires": {
        "@vue/compiler-core": "3.0.0",
        "@vue/shared": "3.0.0"
      }
    },
    "@vue/reactivity": {
      "version": "3.0.0",
      "resolved": "https://registry.npm.taobao.org/@vue/reactivity/download/@vue/reactivity-3.0.0.tgz",
      "integrity": "sha1-/RVjKmCGUM4qlpxyF4fifiyAqms=",
      "requires": {
        "@vue/shared": "3.0.0"
      }
    },
    "@vue/runtime-core": {
      "version": "3.0.0",
      "resolved": "https://registry.npm.taobao.org/@vue/runtime-core/download/@vue/runtime-core-3.0.0.tgz",
      "integrity": "sha1-SA/r8b/jJ5i2q71xqI+Oi0c6UcI=",
      "requires": {
        "@vue/reactivity": "3.0.0",
        "@vue/shared": "3.0.0"
      }
    },
    "@vue/runtime-dom": {
      "version": "3.0.0",
      "resolved": "https://registry.npm.taobao.org/@vue/runtime-dom/download/@vue/runtime-dom-3.0.0.tgz",
      "integrity": "sha1-4NH3x+IuExhpYBTMNQHgayiMLhE=",
      "requires": {
        "@vue/runtime-core": "3.0.0",
        "@vue/shared": "3.0.0",
        "csstype": "^2.6.8"
      }
    },
    "@vue/shared": {
      "version": "3.0.0",
      "resolved": "https://registry.npm.taobao.org/@vue/shared/download/@vue/shared-3.0.0.tgz",
      "integrity": "sha1-7AiSNmKezA8QNGuS8QH/QzkWnxo="
    },
    "clipboard": {
      "version": "2.0.6",
      "resolved": "https://registry.npm.taobao.org/clipboard/download/clipboard-2.0.6.tgz",
      "integrity": "sha1-UpISlu7A/fd+rRdJQhshyWhkc3Y=",
      "optional": true,
      "requires": {
        "good-listener": "^1.2.2",
        "select": "^1.1.2",
        "tiny-emitter": "^2.0.0"
      }
    },
    "coco-ui-1": {
      "version": "0.0.3",
      "resolved": "https://registry.npm.taobao.org/coco-ui-1/download/coco-ui-1-0.0.3.tgz?cache=0&sync_timestamp=1612534549573&other_urls=https%3A%2F%2Fregistry.npm.taobao.org%2Fcoco-ui-1%2Fdownload%2Fcoco-ui-1-0.0.3.tgz",
      "integrity": "sha1-AnJWuqAH7yoTad5sNEUsx+acEhA=",
      "requires": {
        "github-markdown-css": "4.0.0",
        "marked": "1.1.1",
        "prismjs": "1.21.0",
        "vue": "3.0.0",
        "vue-router": "4.0.0-beta.3"
      }
    },
    "csstype": {
      "version": "2.6.14",
      "resolved": "https://registry.npm.taobao.org/csstype/download/csstype-2.6.14.tgz?cache=0&sync_timestamp=1610107269664&other_urls=https%3A%2F%2Fregistry.npm.taobao.org%2Fcsstype%2Fdownload%2Fcsstype-2.6.14.tgz",
      "integrity": "sha1-AEgipAUDRbVa1NzAC+HZzy9Clt4="
    },
    "delegate": {
      "version": "3.2.0",
      "resolved": "https://registry.npm.taobao.org/delegate/download/delegate-3.2.0.tgz",
      "integrity": "sha1-tmtxwxWFIuirV0T3INjKDCr1kWY=",
      "optional": true
    },
    "estree-walker": {
      "version": "2.0.2",
      "resolved": "https://registry.npm.taobao.org/estree-walker/download/estree-walker-2.0.2.tgz",
      "integrity": "sha1-UvAQF4wqTBF6d1fP6UKtt9LaTKw="
    },
    "github-markdown-css": {
      "version": "4.0.0",
      "resolved": "https://registry.npm.taobao.org/github-markdown-css/download/github-markdown-css-4.0.0.tgz",
      "integrity": "sha1-vp9Mr3o4kijUw2gzYmD/yQkGHzU="
    },
    "good-listener": {
      "version": "1.2.2",
      "resolved": "https://registry.npm.taobao.org/good-listener/download/good-listener-1.2.2.tgz",
      "integrity": "sha1-1TswzfkxPf+33JoNR3CWqm0UXFA=",
      "optional": true,
      "requires": {
        "delegate": "^3.1.2"
      }
    },
    "lodash": {
      "version": "4.17.20",
      "resolved": "https://registry.npm.taobao.org/lodash/download/lodash-4.17.20.tgz",
      "integrity": "sha1-tEqbYpe8tpjxxRo1RaKzs2jVnFI="
    },
    "marked": {
      "version": "1.1.1",
      "resolved": "https://registry.npm.taobao.org/marked/download/marked-1.1.1.tgz",
      "integrity": "sha1-5dYbaYQiENXfV7BYVuDJFXJwPmo="
    },
    "prismjs": {
      "version": "1.21.0",
      "resolved": "https://registry.npm.taobao.org/prismjs/download/prismjs-1.21.0.tgz",
      "integrity": "sha1-NsCG7Da0UxnsQhjuFkwRD5/AFaM=",
      "requires": {
        "clipboard": "^2.0.0"
      }
    },
    "select": {
      "version": "1.1.2",
      "resolved": "https://registry.npm.taobao.org/select/download/select-1.1.2.tgz",
      "integrity": "sha1-DnNQrN7ICxEIUoeG7B1EGNEbOW0=",
      "optional": true
    },
    "source-map": {
      "version": "0.6.1",
      "resolved": "https://registry.npm.taobao.org/source-map/download/source-map-0.6.1.tgz",
      "integrity": "sha1-dHIq8y6WFOnCh6jQu95IteLxomM="
    },
    "tiny-emitter": {
      "version": "2.1.0",
      "resolved": "https://registry.npm.taobao.org/tiny-emitter/download/tiny-emitter-2.1.0.tgz",
      "integrity": "sha1-HRpW7fxRxD6GPLtTgqcjMONVVCM=",
      "optional": true
    },
    "to-fast-properties": {
      "version": "2.0.0",
      "resolved": "https://registry.npm.taobao.org/to-fast-properties/download/to-fast-properties-2.0.0.tgz",
      "integrity": "sha1-3F5pjL0HkmW8c+A3doGk5Og/YW4="
    },
    "vue": {
      "version": "3.0.0",
      "resolved": "https://registry.npm.taobao.org/vue/download/vue-3.0.0.tgz",
      "integrity": "sha1-z7XfXDTvzjGbEToWZ9ErdNz9nJA=",
      "requires": {
        "@vue/compiler-dom": "3.0.0",
        "@vue/runtime-dom": "3.0.0",
        "@vue/shared": "3.0.0"
      }
    },
    "vue-router": {
      "version": "4.0.0-beta.3",
      "resolved": "https://registry.npm.taobao.org/vue-router/download/vue-router-4.0.0-beta.3.tgz?cache=0&other_urls=https%3A%2F%2Fregistry.npm.taobao.org%2Fvue-router%2Fdownload%2Fvue-router-4.0.0-beta.3.tgz",
      "integrity": "sha1-5G9FgHAjpLjOc6FDoha0yeo+skM="
    }
  }
}
